
Microsoft Visual Studio Solution File, Format Version 12.00
# Visual Studio Version 17
VisualStudioVersion = 17.6.33723.286
MinimumVisualStudioVersion = 10.0.40219.1
Project("{9A19103F-16F7-4668-BE54-9A1E7A4F7556}") = "PlatformService", "src\PlatformService\PlatformService.csproj", "{C1DB356D-0AB6-484A-8DC1-45C70EB1997B}"
EndProject
Global
	GlobalSection(SolutionConfigurationPlatforms) = preSolution
		Debug|Any CPU = Debug|Any CPU
		Release|Any CPU = Release|Any CPU
	EndGlobalSection
	GlobalSection(ProjectConfigurationPlatforms) = postSolution
		{C1DB356D-0AB6-484A-8DC1-45C70EB1997B}.Debug|Any CPU.ActiveCfg = Debug|Any CPU
		{C1DB356D-0AB6-484A-8DC1-45C70EB1997B}.Debug|Any CPU.Build.0 = Debug|Any CPU
		{C1DB356D-0AB6-484A-8DC1-45C70EB1997B}.Release|Any CPU.ActiveCfg = Release|Any CPU
		{C1DB356D-0AB6-484A-8DC1-45C70EB1997B}.Release|Any CPU.Build.0 = Release|Any CPU
	EndGlobalSection
	GlobalSection(SolutionProperties) = preSolution
		HideSolutionNode = FALSE
	EndGlobalSection
	GlobalSection(ExtensibilityGlobals) = postSolution
		SolutionGuid = {E2DA0CF7-0585-4F9E-AA94-6475EC1F84E1}
	EndGlobalSection
EndGlobal
